
Microsoft Visual Studio Solution File, Format Version 12.00
# Visual Studio 15
VisualStudioVersion = 15.0.27703.2047
MinimumVisualStudioVersion = 10.0.40219.1
Project("{FAE04EC0-301F-11D3-BF4B-00C04F79EFBC}") = "Razor.Examples", "Razor.Examples\Razor.Examples.csproj", "{FC78FFF2-F63F-4FB7-A923-BC008DD4E2BF}"
EndProject
Global
	GlobalSection(SolutionConfigurationPlatforms) = preSolution
		Debug|Any CPU = Debug|Any CPU
		Release|Any CPU = Release|Any CPU
	EndGlobalSection
	GlobalSection(ProjectConfigurationPlatforms) = postSolution
		{FC78FFF2-F63F-4FB7-A923-BC008DD4E2BF}.Debug|Any CPU.ActiveCfg = Debug|Any CPU
		{FC78FFF2-F63F-4FB7-A923-BC008DD4E2BF}.Debug|Any CPU.Build.0 = Debug|Any CPU
		{FC78FFF2-F63F-4FB7-A923-BC008DD4E2BF}.Release|Any CPU.ActiveCfg = Release|Any CPU
		{FC78FFF2-F63F-4FB7-A923-BC008DD4E2BF}.Release|Any CPU.Build.0 = Release|Any CPU
	EndGlobalSection
	GlobalSection(SolutionProperties) = preSolution
		HideSolutionNode = FALSE
	EndGlobalSection
	GlobalSection(ExtensibilityGlobals) = postSolution
		SolutionGuid = {A7806026-B54E-42E8-B7F5-15A94037DE4E}
	EndGlobalSection
EndGlobal
